
Microsoft Visual Studio Solution File, Format Version 12.00
# Visual Studio Version 17
VisualStudioVersion = 17.6.33712.159
MinimumVisualStudioVersion = 10.0.40219.1
Project("{9A19103F-16F7-4668-BE54-9A1E7A4F7556}") = "app-arquivos-and-diretorios", "app-arquivos-and-diretorios\app-arquivos-and-diretorios.csproj", "{F8EF4D43-05A6-4FF7-9F7F-EA346E3E471B}"
EndProject
Project("{FAE04EC0-301F-11D3-BF4B-00C04F79EFBC}") = "app-arquivos-winforms", "app-arquivos-winforms\app-arquivos-winforms.csproj", "{08554098-0AAF-446F-BA39-D47323D8ED2E}"
EndProject
Global
	GlobalSection(SolutionConfigurationPlatforms) = preSolution
		Debug|Any CPU = Debug|Any CPU
		Release|Any CPU = Release|Any CPU
	EndGlobalSection
	GlobalSection(ProjectConfigurationPlatforms) = postSolution
		{F8EF4D43-05A6-4FF7-9F7F-EA346E3E471B}.Debug|Any CPU.ActiveCfg = Debug|Any CPU
		{F8EF4D43-05A6-4FF7-9F7F-EA346E3E471B}.Debug|Any CPU.Build.0 = Debug|Any CPU
		{F8EF4D43-05A6-4FF7-9F7F-EA346E3E471B}.Release|Any CPU.ActiveCfg = Release|Any CPU
		{F8EF4D43-05A6-4FF7-9F7F-EA346E3E471B}.Release|Any CPU.Build.0 = Release|Any CPU
		{08554098-0AAF-446F-BA39-D47323D8ED2E}.Debug|Any CPU.ActiveCfg = Debug|Any CPU
		{08554098-0AAF-446F-BA39-D47323D8ED2E}.Debug|Any CPU.Build.0 = Debug|Any CPU
		{08554098-0AAF-446F-BA39-D47323D8ED2E}.Release|Any CPU.ActiveCfg = Release|Any CPU
		{08554098-0AAF-446F-BA39-D47323D8ED2E}.Release|Any CPU.Build.0 = Release|Any CPU
	EndGlobalSection
	GlobalSection(SolutionProperties) = preSolution
		HideSolutionNode = FALSE
	EndGlobalSection
	GlobalSection(ExtensibilityGlobals) = postSolution
		SolutionGuid = {37C99EDA-DE06-4C19-B9AF-80B841E1A4EA}
	EndGlobalSection
EndGlobal
